
Microsoft Visual Studio Solution File, Format Version 12.00
# Visual Studio 15
VisualStudioVersion = 15.0.26124.0
MinimumVisualStudioVersion = 15.0.26124.0
Project("{FAE04EC0-301F-11D3-BF4B-00C04F79EFBC}") = "PaymentContext.Domain", "PaymentContext.Domain\PaymentContext.Domain.csproj", "{CF06467E-7D1F-409C-901B-663ACBB30BFC}"
EndProject
Project("{FAE04EC0-301F-11D3-BF4B-00C04F79EFBC}") = "PaymentContext.Shared", "PaymentContext.Shared\PaymentContext.Shared.csproj", "{C9AA3782-0A9B-4C39-87AD-4E4EF8ED1A25}"
EndProject
Project("{FAE04EC0-301F-11D3-BF4B-00C04F79EFBC}") = "PaymentContext.Tests", "PaymentContext.Tests\PaymentContext.Tests.csproj", "{6CD715A2-4327-480E-87DE-4D6CF96D1C56}"
EndProject
Global
	GlobalSection(SolutionConfigurationPlatforms) = preSolution
		Debug|Any CPU = Debug|Any CPU
		Debug|x64 = Debug|x64
		Debug|x86 = Debug|x86
		Release|Any CPU = Release|Any CPU
		Release|x64 = Release|x64
		Release|x86 = Release|x86
	EndGlobalSection
	GlobalSection(SolutionProperties) = preSolution
		HideSolutionNode = FALSE
	EndGlobalSection
	GlobalSection(ProjectConfigurationPlatforms) = postSolution
		{CF06467E-7D1F-409C-901B-663ACBB30BFC}.Debug|Any CPU.ActiveCfg = Debug|Any CPU
		{CF06467E-7D1F-409C-901B-663ACBB30BFC}.Debug|Any CPU.Build.0 = Debug|Any CPU
		{CF06467E-7D1F-409C-901B-663ACBB30BFC}.Debug|x64.ActiveCfg = Debug|Any CPU
		{CF06467E-7D1F-409C-901B-663ACBB30BFC}.Debug|x64.Build.0 = Debug|Any CPU
		{CF06467E-7D1F-409C-901B-663ACBB30BFC}.Debug|x86.ActiveCfg = Debug|Any CPU
		{CF06467E-7D1F-409C-901B-663ACBB30BFC}.Debug|x86.Build.0 = Debug|Any CPU
		{CF06467E-7D1F-409C-901B-663ACBB30BFC}.Release|Any CPU.ActiveCfg = Release|Any CPU
		{CF06467E-7D1F-409C-901B-663ACBB30BFC}.Release|Any CPU.Build.0 = Release|Any CPU
		{CF06467E-7D1F-409C-901B-663ACBB30BFC}.Release|x64.ActiveCfg = Release|Any CPU
		{CF06467E-7D1F-409C-901B-663ACBB30BFC}.Release|x64.Build.0 = Release|Any CPU
		{CF06467E-7D1F-409C-901B-663ACBB30BFC}.Release|x86.ActiveCfg = Release|Any CPU
		{CF06467E-7D1F-409C-901B-663ACBB30BFC}.Release|x86.Build.0 = Release|Any CPU
		{C9AA3782-0A9B-4C39-87AD-4E4EF8ED1A25}.Debug|Any CPU.ActiveCfg = Debug|Any CPU
		{C9AA3782-0A9B-4C39-87AD-4E4EF8ED1A25}.Debug|Any CPU.Build.0 = Debug|Any CPU
		{C9AA3782-0A9B-4C39-87AD-4E4EF8ED1A25}.Debug|x64.ActiveCfg = Debug|Any CPU
		{C9AA3782-0A9B-4C39-87AD-4E4EF8ED1A25}.Debug|x64.Build.0 = Debug|Any CPU
		{C9AA3782-0A9B-4C39-87AD-4E4EF8ED1A25}.Debug|x86.ActiveCfg = Debug|Any CPU
		{C9AA3782-0A9B-4C39-87AD-4E4EF8ED1A25}.Debug|x86.Build.0 = Debug|Any CPU
		{C9AA3782-0A9B-4C39-87AD-4E4EF8ED1A25}.Release|Any CPU.ActiveCfg = Release|Any CPU
		{C9AA3782-0A9B-4C39-87AD-4E4EF8ED1A25}.Release|Any CPU.Build.0 = Release|Any CPU
		{C9AA3782-0A9B-4C39-87AD-4E4EF8ED1A25}.Release|x64.ActiveCfg = Release|Any CPU
		{C9AA3782-0A9B-4C39-87AD-4E4EF8ED1A25}.Release|x64.Build.0 = Release|Any CPU
		{C9AA3782-0A9B-4C39-87AD-4E4EF8ED1A25}.Release|x86.ActiveCfg = Release|Any CPU
		{C9AA3782-0A9B-4C39-87AD-4E4EF8ED1A25}.Release|x86.Build.0 = Release|Any CPU
		{6CD715A2-4327-480E-87DE-4D6CF96D1C56}.Debug|Any CPU.ActiveCfg = Debug|Any CPU
		{6CD715A2-4327-480E-87DE-4D6CF96D1C56}.Debug|Any CPU.Build.0 = Debug|Any CPU
		{6CD715A2-4327-480E-87DE-4D6CF96D1C56}.Debug|x64.ActiveCfg = Debug|Any CPU
		{6CD715A2-4327-480E-87DE-4D6CF96D1C56}.Debug|x64.Build.0 = Debug|Any CPU
		{6CD715A2-4327-480E-87DE-4D6CF96D1C56}.Debug|x86.ActiveCfg = Debug|Any CPU
		{6CD715A2-4327-480E-87DE-4D6CF96D1C56}.Debug|x86.Build.0 = Debug|Any CPU
		{6CD715A2-4327-480E-87DE-4D6CF96D1C56}.Release|Any CPU.ActiveCfg = Release|Any CPU
		{6CD715A2-4327-480E-87DE-4D6CF96D1C56}.Release|Any CPU.Build.0 = Release|Any CPU
		{6CD715A2-4327-480E-87DE-4D6CF96D1C56}.Release|x64.ActiveCfg = Release|Any CPU
		{6CD715A2-4327-480E-87DE-4D6CF96D1C56}.Release|x64.Build.0 = Release|Any CPU
		{6CD715A2-4327-480E-87DE-4D6CF96D1C56}.Release|x86.ActiveCfg = Release|Any CPU
		{6CD715A2-4327-480E-87DE-4D6CF96D1C56}.Release|x86.Build.0 = Release|Any CPU
	EndGlobalSection
EndGlobal
